
Microsoft Visual Studio Solution File, Format Version 12.00
# Visual Studio 15
VisualStudioVersion = 15.0.28307.329
MinimumVisualStudioVersion = 10.0.40219.1
Project("{FAE04EC0-301F-11D3-BF4B-00C04F79EFBC}") = "MotelApplication.Android", "MotelApplication\MotelApplication.Android\MotelApplication.Android.csproj", "{39392F11-9910-48F3-8EEC-B85CAC947AF8}"
EndProject
Project("{FAE04EC0-301F-11D3-BF4B-00C04F79EFBC}") = "MotelApplication.iOS", "MotelApplication\MotelApplication.iOS\MotelApplication.iOS.csproj", "{1C9CE5DB-857A-4541-88F2-577B7D77A442}"
EndProject
Project("{FAE04EC0-301F-11D3-BF4B-00C04F79EFBC}") = "MotelApplication", "MotelApplication\MotelApplication\MotelApplication.csproj", "{5E758248-3573-44A5-9F32-2F24AF09C5BA}"
EndProject
Global
	GlobalSection(SolutionConfigurationPlatforms) = preSolution
		Ad-Hoc|Any CPU = Ad-Hoc|Any CPU
		Ad-Hoc|iPhone = Ad-Hoc|iPhone
		Ad-Hoc|iPhoneSimulator = Ad-Hoc|iPhoneSimulator
		AppStore|Any CPU = AppStore|Any CPU
		AppStore|iPhone = AppStore|iPhone
		AppStore|iPhoneSimulator = AppStore|iPhoneSimulator
		Debug|Any CPU = Debug|Any CPU
		Debug|iPhone = Debug|iPhone
		Debug|iPhoneSimulator = Debug|iPhoneSimulator
		Release|Any CPU = Release|Any CPU
		Release|iPhone = Release|iPhone
		Release|iPhoneSimulator = Release|iPhoneSimulator
	EndGlobalSection
	GlobalSection(ProjectConfigurationPlatforms) = postSolution
		{39392F11-9910-48F3-8EEC-B85CAC947AF8}.Ad-Hoc|Any CPU.ActiveCfg = Release|Any CPU
		{39392F11-9910-48F3-8EEC-B85CAC947AF8}.Ad-Hoc|Any CPU.Build.0 = Release|Any CPU
		{39392F11-9910-48F3-8EEC-B85CAC947AF8}.Ad-Hoc|Any CPU.Deploy.0 = Release|Any CPU
		{39392F11-9910-48F3-8EEC-B85CAC947AF8}.Ad-Hoc|iPhone.ActiveCfg = Release|Any CPU
		{39392F11-9910-48F3-8EEC-B85CAC947AF8}.Ad-Hoc|iPhone.Build.0 = Release|Any CPU
		{39392F11-9910-48F3-8EEC-B85CAC947AF8}.Ad-Hoc|iPhone.Deploy.0 = Release|Any CPU
		{39392F11-9910-48F3-8EEC-B85CAC947AF8}.Ad-Hoc|iPhoneSimulator.ActiveCfg = Release|Any CPU
		{39392F11-9910-48F3-8EEC-B85CAC947AF8}.Ad-Hoc|iPhoneSimulator.Build.0 = Release|Any CPU
		{39392F11-9910-48F3-8EEC-B85CAC947AF8}.Ad-Hoc|iPhoneSimulator.Deploy.0 = Release|Any CPU
		{39392F11-9910-48F3-8EEC-B85CAC947AF8}.AppStore|Any CPU.ActiveCfg = Release|Any CPU
		{39392F11-9910-48F3-8EEC-B85CAC947AF8}.AppStore|Any CPU.Build.0 = Release|Any CPU
		{39392F11-9910-48F3-8EEC-B85CAC947AF8}.AppStore|Any CPU.Deploy.0 = Release|Any CPU
		{39392F11-9910-48F3-8EEC-B85CAC947AF8}.AppStore|iPhone.ActiveCfg = Release|Any CPU
		{39392F11-9910-48F3-8EEC-B85CAC947AF8}.AppStore|iPhone.Build.0 = Release|Any CPU
		{39392F11-9910-48F3-8EEC-B85CAC947AF8}.AppStore|iPhone.Deploy.0 = Release|Any CPU
		{39392F11-9910-48F3-8EEC-B85CAC947AF8}.AppStore|iPhoneSimulator.ActiveCfg = Release|Any CPU
		{39392F11-9910-48F3-8EEC-B85CAC947AF8}.AppStore|iPhoneSimulator.Build.0 = Release|Any CPU
		{39392F11-9910-48F3-8EEC-B85CAC947AF8}.AppStore|iPhoneSimulator.Deploy.0 = Release|Any CPU
		{39392F11-9910-48F3-8EEC-B85CAC947AF8}.Debug|Any CPU.ActiveCfg = Debug|Any CPU
		{39392F11-9910-48F3-8EEC-B85CAC947AF8}.Debug|Any CPU.Build.0 = Debug|Any CPU
		{39392F11-9910-48F3-8EEC-B85CAC947AF8}.Debug|Any CPU.Deploy.0 = Debug|Any CPU
		{39392F11-9910-48F3-8EEC-B85CAC947AF8}.Debug|iPhone.ActiveCfg = Debug|Any CPU
		{39392F11-9910-48F3-8EEC-B85CAC947AF8}.Debug|iPhone.Build.0 = Debug|Any CPU
		{39392F11-9910-48F3-8EEC-B85CAC947AF8}.Debug|iPhone.Deploy.0 = Debug|Any CPU
		{39392F11-9910-48F3-8EEC-B85CAC947AF8}.Debug|iPhoneSimulator.ActiveCfg = Debug|Any CPU
		{39392F11-9910-48F3-8EEC-B85CAC947AF8}.Debug|iPhoneSimulator.Build.0 = Debug|Any CPU
		{39392F11-9910-48F3-8EEC-B85CAC947AF8}.Debug|iPhoneSimulator.Deploy.0 = Debug|Any CPU
		{39392F11-9910-48F3-8EEC-B85CAC947AF8}.Release|Any CPU.ActiveCfg = Release|Any CPU
		{39392F11-9910-48F3-8EEC-B85CAC947AF8}.Release|Any CPU.Build.0 = Release|Any CPU
		{39392F11-9910-48F3-8EEC-B85CAC947AF8}.Release|Any CPU.Deploy.0 = Release|Any CPU
		{39392F11-9910-48F3-8EEC-B85CAC947AF8}.Release|iPhone.ActiveCfg = Release|Any CPU
		{39392F11-9910-48F3-8EEC-B85CAC947AF8}.Release|iPhone.Build.0 = Release|Any CPU
		{39392F11-9910-48F3-8EEC-B85CAC947AF8}.Release|iPhone.Deploy.0 = Release|Any CPU
		{39392F11-9910-48F3-8EEC-B85CAC947AF8}.Release|iPhoneSimulator.ActiveCfg = Release|Any CPU
		{39392F11-9910-48F3-8EEC-B85CAC947AF8}.Release|iPhoneSimulator.Build.0 = Release|Any CPU
		{39392F11-9910-48F3-8EEC-B85CAC947AF8}.Release|iPhoneSimulator.Deploy.0 = Release|Any CPU
		{1C9CE5DB-857A-4541-88F2-577B7D77A442}.Ad-Hoc|Any CPU.ActiveCfg = Ad-Hoc|iPhone
		{1C9CE5DB-857A-4541-88F2-577B7D77A442}.Ad-Hoc|Any CPU.Build.0 = Ad-Hoc|iPhone
		{1C9CE5DB-857A-4541-88F2-577B7D77A442}.Ad-Hoc|Any CPU.Deploy.0 = Ad-Hoc|iPhone
		{1C9CE5DB-857A-4541-88F2-577B7D77A442}.Ad-Hoc|iPhone.ActiveCfg = Ad-Hoc|iPhone
		{1C9CE5DB-857A-4541-88F2-577B7D77A442}.Ad-Hoc|iPhone.Build.0 = Ad-Hoc|iPhone
		{1C9CE5DB-857A-4541-88F2-577B7D77A442}.Ad-Hoc|iPhone.Deploy.0 = Ad-Hoc|iPhone
		{1C9CE5DB-857A-4541-88F2-577B7D77A442}.Ad-Hoc|iPhoneSimulator.ActiveCfg = Ad-Hoc|iPhoneSimulator
		{1C9CE5DB-857A-4541-88F2-577B7D77A442}.Ad-Hoc|iPhoneSimulator.Build.0 = Ad-Hoc|iPhoneSimulator
		{1C9CE5DB-857A-4541-88F2-577B7D77A442}.Ad-Hoc|iPhoneSimulator.Deploy.0 = Ad-Hoc|iPhoneSimulator
		{1C9CE5DB-857A-4541-88F2-577B7D77A442}.AppStore|Any CPU.ActiveCfg = AppStore|iPhone
		{1C9CE5DB-857A-4541-88F2-577B7D77A442}.AppStore|Any CPU.Build.0 = AppStore|iPhone
		{1C9CE5DB-857A-4541-88F2-577B7D77A442}.AppStore|Any CPU.Deploy.0 = AppStore|iPhone
		{1C9CE5DB-857A-4541-88F2-577B7D77A442}.AppStore|iPhone.ActiveCfg = AppStore|iPhone
		{1C9CE5DB-857A-4541-88F2-577B7D77A442}.AppStore|iPhone.Build.0 = AppStore|iPhone
		{1C9CE5DB-857A-4541-88F2-577B7D77A442}.AppStore|iPhone.Deploy.0 = AppStore|iPhone
		{1C9CE5DB-857A-4541-88F2-577B7D77A442}.AppStore|iPhoneSimulator.ActiveCfg = AppStore|iPhoneSimulator
		{1C9CE5DB-857A-4541-88F2-577B7D77A442}.AppStore|iPhoneSimulator.Build.0 = AppStore|iPhoneSimulator
		{1C9CE5DB-857A-4541-88F2-577B7D77A442}.AppStore|iPhoneSimulator.Deploy.0 = AppStore|iPhoneSimulator
		{1C9CE5DB-857A-4541-88F2-577B7D77A442}.Debug|Any CPU.ActiveCfg = Debug|iPhoneSimulator
		{1C9CE5DB-857A-4541-88F2-577B7D77A442}.Debug|Any CPU.Build.0 = Debug|iPhoneSimulator
		{1C9CE5DB-857A-4541-88F2-577B7D77A442}.Debug|Any CPU.Deploy.0 = Debug|iPhoneSimulator
		{1C9CE5DB-857A-4541-88F2-577B7D77A442}.Debug|iPhone.ActiveCfg = Debug|iPhone
		{1C9CE5DB-857A-4541-88F2-577B7D77A442}.Debug|iPhone.Build.0 = Debug|iPhone
		{1C9CE5DB-857A-4541-88F2-577B7D77A442}.Debug|iPhone.Deploy.0 = Debug|iPhone
		{1C9CE5DB-857A-4541-88F2-577B7D77A442}.Debug|iPhoneSimulator.ActiveCfg = Debug|iPhoneSimulator
		{1C9CE5DB-857A-4541-88F2-577B7D77A442}.Debug|iPhoneSimulator.Build.0 = Debug|iPhoneSimulator
		{1C9CE5DB-857A-4541-88F2-577B7D77A442}.Debug|iPhoneSimulator.Deploy.0 = Debug|iPhoneSimulator
		{1C9CE5DB-857A-4541-88F2-577B7D77A442}.Release|Any CPU.ActiveCfg = Release|iPhone
		{1C9CE5DB-857A-4541-88F2-577B7D77A442}.Release|Any CPU.Build.0 = Release|iPhone
		{1C9CE5DB-857A-4541-88F2-577B7D77A442}.Release|Any CPU.Deploy.0 = Release|iPhone
		{1C9CE5DB-857A-4541-88F2-577B7D77A442}.Release|iPhone.ActiveCfg = Release|iPhone
		{1C9CE5DB-857A-4541-88F2-577B7D77A442}.Release|iPhone.Build.0 = Release|iPhone
		{1C9CE5DB-857A-4541-88F2-577B7D77A442}.Release|iPhone.Deploy.0 = Release|iPhone
		{1C9CE5DB-857A-4541-88F2-577B7D77A442}.Release|iPhoneSimulator.ActiveCfg = Release|iPhoneSimulator
		{1C9CE5DB-857A-4541-88F2-577B7D77A442}.Release|iPhoneSimulator.Build.0 = Release|iPhoneSimulator
		{1C9CE5DB-857A-4541-88F2-577B7D77A442}.Release|iPhoneSimulator.Deploy.0 = Release|iPhoneSimulator
		{5E758248-3573-44A5-9F32-2F24AF09C5BA}.Ad-Hoc|Any CPU.ActiveCfg = Debug|Any CPU
		{5E758248-3573-44A5-9F32-2F24AF09C5BA}.Ad-Hoc|Any CPU.Build.0 = Debug|Any CPU
		{5E758248-3573-44A5-9F32-2F24AF09C5BA}.Ad-Hoc|Any CPU.Deploy.0 = Debug|Any CPU
		{5E758248-3573-44A5-9F32-2F24AF09C5BA}.Ad-Hoc|iPhone.ActiveCfg = Debug|Any CPU
		{5E758248-3573-44A5-9F32-2F24AF09C5BA}.Ad-Hoc|iPhone.Build.0 = Debug|Any CPU
		{5E758248-3573-44A5-9F32-2F24AF09C5BA}.Ad-Hoc|iPhone.Deploy.0 = Debug|Any CPU
		{5E758248-3573-44A5-9F32-2F24AF09C5BA}.Ad-Hoc|iPhoneSimulator.ActiveCfg = Debug|Any CPU
		{5E758248-3573-44A5-9F32-2F24AF09C5BA}.Ad-Hoc|iPhoneSimulator.Build.0 = Debug|Any CPU
		{5E758248-3573-44A5-9F32-2F24AF09C5BA}.Ad-Hoc|iPhoneSimulator.Deploy.0 = Debug|Any CPU
		{5E758248-3573-44A5-9F32-2F24AF09C5BA}.AppStore|Any CPU.ActiveCfg = Debug|Any CPU
		{5E758248-3573-44A5-9F32-2F24AF09C5BA}.AppStore|Any CPU.Build.0 = Debug|Any CPU
		{5E758248-3573-44A5-9F32-2F24AF09C5BA}.AppStore|Any CPU.Deploy.0 = Debug|Any CPU
		{5E758248-3573-44A5-9F32-2F24AF09C5BA}.AppStore|iPhone.ActiveCfg = Debug|Any CPU
		{5E758248-3573-44A5-9F32-2F24AF09C5BA}.AppStore|iPhone.Build.0 = Debug|Any CPU
		{5E758248-3573-44A5-9F32-2F24AF09C5BA}.AppStore|iPhone.Deploy.0 = Debug|Any CPU
		{5E758248-3573-44A5-9F32-2F24AF09C5BA}.AppStore|iPhoneSimulator.ActiveCfg = Debug|Any CPU
		{5E758248-3573-44A5-9F32-2F24AF09C5BA}.AppStore|iPhoneSimulator.Build.0 = Debug|Any CPU
		{5E758248-3573-44A5-9F32-2F24AF09C5BA}.AppStore|iPhoneSimulator.Deploy.0 = Debug|Any CPU
		{5E758248-3573-44A5-9F32-2F24AF09C5BA}.Debug|Any CPU.ActiveCfg = Debug|Any CPU
		{5E758248-3573-44A5-9F32-2F24AF09C5BA}.Debug|Any CPU.Build.0 = Debug|Any CPU
		{5E758248-3573-44A5-9F32-2F24AF09C5BA}.Debug|Any CPU.Deploy.0 = Debug|Any CPU
		{5E758248-3573-44A5-9F32-2F24AF09C5BA}.Debug|iPhone.ActiveCfg = Debug|Any CPU
		{5E758248-3573-44A5-9F32-2F24AF09C5BA}.Debug|iPhone.Build.0 = Debug|Any CPU
		{5E758248-3573-44A5-9F32-2F24AF09C5BA}.Debug|iPhone.Deploy.0 = Debug|Any CPU
		{5E758248-3573-44A5-9F32-2F24AF09C5BA}.Debug|iPhoneSimulator.ActiveCfg = Debug|Any CPU
		{5E758248-3573-44A5-9F32-2F24AF09C5BA}.Debug|iPhoneSimulator.Build.0 = Debug|Any CPU
		{5E758248-3573-44A5-9F32-2F24AF09C5BA}.Debug|iPhoneSimulator.Deploy.0 = Debug|Any CPU
		{5E758248-3573-44A5-9F32-2F24AF09C5BA}.Release|Any CPU.ActiveCfg = Release|Any CPU
		{5E758248-3573-44A5-9F32-2F24AF09C5BA}.Release|Any CPU.Build.0 = Release|Any CPU
		{5E758248-3573-44A5-9F32-2F24AF09C5BA}.Release|Any CPU.Deploy.0 = Release|Any CPU
		{5E758248-3573-44A5-9F32-2F24AF09C5BA}.Release|iPhone.ActiveCfg = Release|Any CPU
		{5E758248-3573-44A5-9F32-2F24AF09C5BA}.Release|iPhone.Build.0 = Release|Any CPU
		{5E758248-3573-44A5-9F32-2F24AF09C5BA}.Release|iPhone.Deploy.0 = Release|Any CPU
		{5E758248-3573-44A5-9F32-2F24AF09C5BA}.Release|iPhoneSimulator.ActiveCfg = Release|Any CPU
		{5E758248-3573-44A5-9F32-2F24AF09C5BA}.Release|iPhoneSimulator.Build.0 = Release|Any CPU
		{5E758248-3573-44A5-9F32-2F24AF09C5BA}.Release|iPhoneSimulator.Deploy.0 = Release|Any CPU
	EndGlobalSection
	GlobalSection(SolutionProperties) = preSolution
		HideSolutionNode = FALSE
	EndGlobalSection
	GlobalSection(ExtensibilityGlobals) = postSolution
		SolutionGuid = {A413D7DD-3AF9-474B-AD28-65F9F4C94F64}
	EndGlobalSection
EndGlobal
